// !$*UTF8*$!
{
	archiveVersion = 1;
	classes = {
	};
	objectVersion = 46;
	objects = {

/* Begin PBXBuildFile section */
		08AD1BA61E6D0F57005DED68 /* ReportsViewController.m in Sources */ = {isa = PBXBuildFile; fileRef = 08AD1BA51E6D0F57005DED68 /* ReportsViewController.m */; };
		08AD1BBD1E6D6610005DED68 /* BEMAverageLine.m in Sources */ = {isa = PBXBuildFile; fileRef = 08AD1BB41E6D6610005DED68 /* BEMAverageLine.m */; };
		08AD1BBE1E6D6610005DED68 /* BEMCircle.m in Sources */ = {isa = PBXBuildFile; fileRef = 08AD1BB61E6D6610005DED68 /* BEMCircle.m */; };
		08AD1BBF1E6D6610005DED68 /* BEMLine.m in Sources */ = {isa = PBXBuildFile; fileRef = 08AD1BB81E6D6610005DED68 /* BEMLine.m */; };
		08AD1BC01E6D6610005DED68 /* BEMPermanentPopupView.m in Sources */ = {isa = PBXBuildFile; fileRef = 08AD1BBA1E6D6610005DED68 /* BEMPermanentPopupView.m */; };
		08AD1BC11E6D6610005DED68 /* BEMSimpleLineGraphView.m in Sources */ = {isa = PBXBuildFile; fileRef = 08AD1BBC1E6D6610005DED68 /* BEMSimpleLineGraphView.m */; };
		08F7CB071E5045F00034FD31 /* main.m in Sources */ = {isa = PBXBuildFile; fileRef = 08F7CB061E5045F00034FD31 /* main.m */; };
		08F7CB0A1E5045F10034FD31 /* AppDelegate.m in Sources */ = {isa = PBXBuildFile; fileRef = 08F7CB091E5045F10034FD31 /* AppDelegate.m */; };
		08F7CB101E5045F20034FD31 /* Main.storyboard in Resources */ = {isa = PBXBuildFile; fileRef = 08F7CB0E1E5045F20034FD31 /* Main.storyboard */; };
		08F7CB131E5045F30034FD31 /* ExpenseTracker.xcdatamodeld in Sources */ = {isa = PBXBuildFile; fileRef = 08F7CB111E5045F20034FD31 /* ExpenseTracker.xcdatamodeld */; };
		08F7CB151E5045F30034FD31 /* Assets.xcassets in Resources */ = {isa = PBXBuildFile; fileRef = 08F7CB141E5045F30034FD31 /* Assets.xcassets */; };
		08F7CB231E5045F80034FD31 /* ExpenseTrackerTests.m in Sources */ = {isa = PBXBuildFile; fileRef = 08F7CB221E5045F80034FD31 /* ExpenseTrackerTests.m */; };
		08F7CB2E1E5045F80034FD31 /* ExpenseTrackerUITests.m in Sources */ = {isa = PBXBuildFile; fileRef = 08F7CB2D1E5045F80034FD31 /* ExpenseTrackerUITests.m */; };
		DBB1BFB71E55CB9700A94686 /* CategoryTableViewCell.m in Sources */ = {isa = PBXBuildFile; fileRef = DBB1BFB41E55CB9700A94686 /* CategoryTableViewCell.m */; };
		DBB1BFB81E55CB9700A94686 /* ExpenseListTableViewCell.m in Sources */ = {isa = PBXBuildFile; fileRef = DBB1BFB61E55CB9700A94686 /* ExpenseListTableViewCell.m */; };
		DBB1BFBF1E55CBB900A94686 /* ExpenseBaseViewController.m in Sources */ = {isa = PBXBuildFile; fileRef = DBB1BFBA1E55CBB900A94686 /* ExpenseBaseViewController.m */; };
		DBB1BFC01E55CBB900A94686 /* RegisterViewController.m in Sources */ = {isa = PBXBuildFile; fileRef = DBB1BFBC1E55CBB900A94686 /* RegisterViewController.m */; };
		DBB1BFC11E55CBB900A94686 /* SelectCategoryViewController.m in Sources */ = {isa = PBXBuildFile; fileRef = DBB1BFBE1E55CBB900A94686 /* SelectCategoryViewController.m */; };
		DBB1BFC61E55CBC500A94686 /* ListExpenseViewController.m in Sources */ = {isa = PBXBuildFile; fileRef = DBB1BFC31E55CBC500A94686 /* ListExpenseViewController.m */; };
		DBB1BFC71E55CBC500A94686 /* LoginViewController.m in Sources */ = {isa = PBXBuildFile; fileRef = DBB1BFC51E55CBC500A94686 /* LoginViewController.m */; };
		DBB1BFCA1E55CBD400A94686 /* CacheManager.m in Sources */ = {isa = PBXBuildFile; fileRef = DBB1BFC91E55CBD400A94686 /* CacheManager.m */; };
		DBB1BFCD1E55CBDC00A94686 /* ExpenseViewController.m in Sources */ = {isa = PBXBuildFile; fileRef = DBB1BFCC1E55CBDC00A94686 /* ExpenseViewController.m */; };
/* End PBXBuildFile section */

/* Begin PBXContainerItemProxy section */
		08F7CB1F1E5045F80034FD31 /* PBXContainerItemProxy */ = {
			isa = PBXContainerItemProxy;
			containerPortal = 08F7CAFA1E5045F00034FD31 /* Project object */;
			proxyType = 1;
			remoteGlobalIDString = 08F7CB011E5045F00034FD31;
			remoteInfo = ExpenseTracker;
		};
		08F7CB2A1E5045F80034FD31 /* PBXContainerItemProxy */ = {
			isa = PBXContainerItemProxy;
			containerPortal = 08F7CAFA1E5045F00034FD31 /* Project object */;
			proxyType = 1;
			remoteGlobalIDString = 08F7CB011E5045F00034FD31;
			remoteInfo = ExpenseTracker;
		};
/* End PBXContainerItemProxy section */

/* Begin PBXFileReference section */
		08AD1BA41E6D0F57005DED68 /* ReportsViewController.h */ = {isa = PBXFileReference; fileEncoding = 4; lastKnownFileType = sourcecode.c.h; name = ReportsViewController.h; path = "../../../../../apple/development/MY TRIES/ExpenseTracker/ExpenseTracker/ReportsViewController.h"; sourceTree = "<group>"; };
		08AD1BA51E6D0F57005DED68 /* ReportsViewController.m */ = {isa = PBXFileReference; fileEncoding = 4; lastKnownFileType = sourcecode.c.objc; name = ReportsViewController.m; path = "../../../../../apple/development/MY TRIES/ExpenseTracker/ExpenseTracker/ReportsViewController.m"; sourceTree = "<group>"; };
		08AD1BB31E6D6610005DED68 /* BEMAverageLine.h */ = {isa = PBXFileReference; fileEncoding = 4; lastKnownFileType = sourcecode.c.h; path = BEMAverageLine.h; sourceTree = "<group>"; };
		08AD1BB41E6D6610005DED68 /* BEMAverageLine.m */ = {isa = PBXFileReference; fileEncoding = 4; lastKnownFileType = sourcecode.c.objc; path = BEMAverageLine.m; sourceTree = "<group>"; };
		08AD1BB51E6D6610005DED68 /* BEMCircle.h */ = {isa = PBXFileReference; fileEncoding = 4; lastKnownFileType = sourcecode.c.h; path = BEMCircle.h; sourceTree = "<group>"; };
		08AD1BB61E6D6610005DED68 /* BEMCircle.m */ = {isa = PBXFileReference; fileEncoding = 4; lastKnownFileType = sourcecode.c.objc; path = BEMCircle.m; sourceTree = "<group>"; };
		08AD1BB71E6D6610005DED68 /* BEMLine.h */ = {isa = PBXFileReference; fileEncoding = 4; lastKnownFileType = sourcecode.c.h; path = BEMLine.h; sourceTree = "<group>"; };
		08AD1BB81E6D6610005DED68 /* BEMLine.m */ = {isa = PBXFileReference; fileEncoding = 4; lastKnownFileType = sourcecode.c.objc; path = BEMLine.m; sourceTree = "<group>"; };
		08AD1BB91E6D6610005DED68 /* BEMPermanentPopupView.h */ = {isa = PBXFileReference; fileEncoding = 4; lastKnownFileType = sourcecode.c.h; path = BEMPermanentPopupView.h; sourceTree = "<group>"; };
		08AD1BBA1E6D6610005DED68 /* BEMPermanentPopupView.m */ = {isa = PBXFileReference; fileEncoding = 4; lastKnownFileType = sourcecode.c.objc; path = BEMPermanentPopupView.m; sourceTree = "<group>"; };
		08AD1BBB1E6D6610005DED68 /* BEMSimpleLineGraphView.h */ = {isa = PBXFileReference; fileEncoding = 4; lastKnownFileType = sourcecode.c.h; path = BEMSimpleLineGraphView.h; sourceTree = "<group>"; };
		08AD1BBC1E6D6610005DED68 /* BEMSimpleLineGraphView.m */ = {isa = PBXFileReference; fileEncoding = 4; lastKnownFileType = sourcecode.c.objc; path = BEMSimpleLineGraphView.m; sourceTree = "<group>"; };
		08F7CB021E5045F00034FD31 /* ExpenseTracker.app */ = {isa = PBXFileReference; explicitFileType = wrapper.application; includeInIndex = 0; path = ExpenseTracker.app; sourceTree = BUILT_PRODUCTS_DIR; };
		08F7CB061E5045F00034FD31 /* main.m */ = {isa = PBXFileReference; lastKnownFileType = sourcecode.c.objc; path = main.m; sourceTree = "<group>"; };
		08F7CB081E5045F00034FD31 /* AppDelegate.h */ = {isa = PBXFileReference; lastKnownFileType = sourcecode.c.h; path = AppDelegate.h; sourceTree = "<group>"; };
		08F7CB091E5045F10034FD31 /* AppDelegate.m */ = {isa = PBXFileReference; lastKnownFileType = sourcecode.c.objc; path = AppDelegate.m; sourceTree = "<group>"; };
		08F7CB0F1E5045F20034FD31 /* Base */ = {isa = PBXFileReference; lastKnownFileType = file.storyboard; name = Base; path = Base.lproj/Main.storyboard; sourceTree = "<group>"; };
		08F7CB121E5045F20034FD31 /* ExpenseTracker.xcdatamodel */ = {isa = PBXFileReference; lastKnownFileType = wrapper.xcdatamodel; path = ExpenseTracker.xcdatamodel; sourceTree = "<group>"; };
		08F7CB141E5045F30034FD31 /* Assets.xcassets */ = {isa = PBXFileReference; lastKnownFileType = folder.assetcatalog; path = Assets.xcassets; sourceTree = "<group>"; };
		08F7CB191E5045F40034FD31 /* Info.plist */ = {isa = PBXFileReference; lastKnownFileType = text.plist.xml; path = Info.plist; sourceTree = "<group>"; };
		08F7CB1E1E5045F80034FD31 /* ExpenseTrackerTests.xctest */ = {isa = PBXFileReference; explicitFileType = wrapper.cfbundle; includeInIndex = 0; path = ExpenseTrackerTests.xctest; sourceTree = BUILT_PRODUCTS_DIR; };
		08F7CB221E5045F80034FD31 /* ExpenseTrackerTests.m */ = {isa = PBXFileReference; lastKnownFileType = sourcecode.c.objc; path = ExpenseTrackerTests.m; sourceTree = "<group>"; };
		08F7CB241E5045F80034FD31 /* Info.plist */ = {isa = PBXFileReference; lastKnownFileType = text.plist.xml; path = Info.plist; sourceTree = "<group>"; };
		08F7CB291E5045F80034FD31 /* ExpenseTrackerUITests.xctest */ = {isa = PBXFileReference; explicitFileType = wrapper.cfbundle; includeInIndex = 0; path = ExpenseTrackerUITests.xctest; sourceTree = BUILT_PRODUCTS_DIR; };
		08F7CB2D1E5045F80034FD31 /* ExpenseTrackerUITests.m */ = {isa = PBXFileReference; lastKnownFileType = sourcecode.c.objc; path = ExpenseTrackerUITests.m; sourceTree = "<group>"; };
		08F7CB2F1E5045F90034FD31 /* Info.plist */ = {isa = PBXFileReference; lastKnownFileType = text.plist.xml; path = Info.plist; sourceTree = "<group>"; };
		DBB1BFA71E55CB7D00A94686 /* Category+CoreDataClass.h */ = {isa = PBXFileReference; fileEncoding = 4; lastKnownFileType = sourcecode.c.h; name = "Category+CoreDataClass.h"; path = "CoreData/Category+CoreDataClass.h"; sourceTree = "<group>"; };
		DBB1BFA81E55CB7D00A94686 /* Category+CoreDataClass.m */ = {isa = PBXFileReference; fileEncoding = 4; lastKnownFileType = sourcecode.c.objc; name = "Category+CoreDataClass.m"; path = "CoreData/Category+CoreDataClass.m"; sourceTree = "<group>"; };
		DBB1BFA91E55CB7D00A94686 /* Category+CoreDataProperties.h */ = {isa = PBXFileReference; fileEncoding = 4; lastKnownFileType = sourcecode.c.h; name = "Category+CoreDataProperties.h"; path = "CoreData/Category+CoreDataProperties.h"; sourceTree = "<group>"; };
		DBB1BFAA1E55CB7D00A94686 /* Category+CoreDataProperties.m */ = {isa = PBXFileReference; fileEncoding = 4; lastKnownFileType = sourcecode.c.objc; name = "Category+CoreDataProperties.m"; path = "CoreData/Category+CoreDataProperties.m"; sourceTree = "<group>"; };
		DBB1BFAB1E55CB7D00A94686 /* Expense+CoreDataClass.h */ = {isa = PBXFileReference; fileEncoding = 4; lastKnownFileType = sourcecode.c.h; name = "Expense+CoreDataClass.h"; path = "CoreData/Expense+CoreDataClass.h"; sourceTree = "<group>"; };
		DBB1BFAC1E55CB7D00A94686 /* Expense+CoreDataClass.m */ = {isa = PBXFileReference; fileEncoding = 4; lastKnownFileType = sourcecode.c.objc; name = "Expense+CoreDataClass.m"; path = "CoreData/Expense+CoreDataClass.m"; sourceTree = "<group>"; };
		DBB1BFAD1E55CB7D00A94686 /* Expense+CoreDataProperties.h */ = {isa = PBXFileReference; fileEncoding = 4; lastKnownFileType = sourcecode.c.h; name = "Expense+CoreDataProperties.h"; path = "CoreData/Expense+CoreDataProperties.h"; sourceTree = "<group>"; };
		DBB1BFAE1E55CB7D00A94686 /* Expense+CoreDataProperties.m */ = {isa = PBXFileReference; fileEncoding = 4; lastKnownFileType = sourcecode.c.objc; name = "Expense+CoreDataProperties.m"; path = "CoreData/Expense+CoreDataProperties.m"; sourceTree = "<group>"; };
		DBB1BFB31E55CB9700A94686 /* CategoryTableViewCell.h */ = {isa = PBXFileReference; fileEncoding = 4; lastKnownFileType = sourcecode.c.h; path = CategoryTableViewCell.h; sourceTree = "<group>"; };
		DBB1BFB41E55CB9700A94686 /* CategoryTableViewCell.m */ = {isa = PBXFileReference; fileEncoding = 4; lastKnownFileType = sourcecode.c.objc; path = CategoryTableViewCell.m; sourceTree = "<group>"; };
		DBB1BFB51E55CB9700A94686 /* ExpenseListTableViewCell.h */ = {isa = PBXFileReference; fileEncoding = 4; lastKnownFileType = sourcecode.c.h; path = ExpenseListTableViewCell.h; sourceTree = "<group>"; };
		DBB1BFB61E55CB9700A94686 /* ExpenseListTableViewCell.m */ = {isa = PBXFileReference; fileEncoding = 4; lastKnownFileType = sourcecode.c.objc; path = ExpenseListTableViewCell.m; sourceTree = "<group>"; };
		DBB1BFB91E55CBB900A94686 /* ExpenseBaseViewController.h */ = {isa = PBXFileReference; fileEncoding = 4; lastKnownFileType = sourcecode.c.h; path = ExpenseBaseViewController.h; sourceTree = "<group>"; };
		DBB1BFBA1E55CBB900A94686 /* ExpenseBaseViewController.m */ = {isa = PBXFileReference; fileEncoding = 4; lastKnownFileType = sourcecode.c.objc; path = ExpenseBaseViewController.m; sourceTree = "<group>"; };
		DBB1BFBB1E55CBB900A94686 /* RegisterViewController.h */ = {isa = PBXFileReference; fileEncoding = 4; lastKnownFileType = sourcecode.c.h; path = RegisterViewController.h; sourceTree = "<group>"; };
		DBB1BFBC1E55CBB900A94686 /* RegisterViewController.m */ = {isa = PBXFileReference; fileEncoding = 4; lastKnownFileType = sourcecode.c.objc; path = RegisterViewController.m; sourceTree = "<group>"; };
		DBB1BFBD1E55CBB900A94686 /* SelectCategoryViewController.h */ = {isa = PBXFileReference; fileEncoding = 4; lastKnownFileType = sourcecode.c.h; path = SelectCategoryViewController.h; sourceTree = "<group>"; };
		DBB1BFBE1E55CBB900A94686 /* SelectCategoryViewController.m */ = {isa = PBXFileReference; fileEncoding = 4; lastKnownFileType = sourcecode.c.objc; path = SelectCategoryViewController.m; sourceTree = "<group>"; };
		DBB1BFC21E55CBC500A94686 /* ListExpenseViewController.h */ = {isa = PBXFileReference; fileEncoding = 4; lastKnownFileType = sourcecode.c.h; path = ListExpenseViewController.h; sourceTree = "<group>"; };
		DBB1BFC31E55CBC500A94686 /* ListExpenseViewController.m */ = {isa = PBXFileReference; fileEncoding = 4; lastKnownFileType = sourcecode.c.objc; path = ListExpenseViewController.m; sourceTree = "<group>"; };
		DBB1BFC41E55CBC500A94686 /* LoginViewController.h */ = {isa = PBXFileReference; fileEncoding = 4; lastKnownFileType = sourcecode.c.h; path = LoginViewController.h; sourceTree = "<group>"; };
		DBB1BFC51E55CBC500A94686 /* LoginViewController.m */ = {isa = PBXFileReference; fileEncoding = 4; lastKnownFileType = sourcecode.c.objc; path = LoginViewController.m; sourceTree = "<group>"; };
		DBB1BFC81E55CBD400A94686 /* CacheManager.h */ = {isa = PBXFileReference; fileEncoding = 4; lastKnownFileType = sourcecode.c.h; path = CacheManager.h; sourceTree = "<group>"; };
		DBB1BFC91E55CBD400A94686 /* CacheManager.m */ = {isa = PBXFileReference; fileEncoding = 4; lastKnownFileType = sourcecode.c.objc; path = CacheManager.m; sourceTree = "<group>"; };
		DBB1BFCB1E55CBDC00A94686 /* ExpenseViewController.h */ = {isa = PBXFileReference; fileEncoding = 4; lastKnownFileType = sourcecode.c.h; path = ExpenseViewController.h; sourceTree = "<group>"; };
		DBB1BFCC1E55CBDC00A94686 /* ExpenseViewController.m */ = {isa = PBXFileReference; fileEncoding = 4; lastKnownFileType = sourcecode.c.objc; path = ExpenseViewController.m; sourceTree = "<group>"; };
/* End PBXFileReference section */

/* Begin PBXFrameworksBuildPhase section */
		08F7CAFF1E5045F00034FD31 /* Frameworks */ = {
			isa = PBXFrameworksBuildPhase;
			buildActionMask = 2147483647;
			files = (
			);
			runOnlyForDeploymentPostprocessing = 0;
		};
		08F7CB1B1E5045F80034FD31 /* Frameworks */ = {
			isa = PBXFrameworksBuildPhase;
			buildActionMask = 2147483647;
			files = (
			);
			runOnlyForDeploymentPostprocessing = 0;
		};
		08F7CB261E5045F80034FD31 /* Frameworks */ = {
			isa = PBXFrameworksBuildPhase;
			buildActionMask = 2147483647;
			files = (
			);
			runOnlyForDeploymentPostprocessing = 0;
		};
/* End PBXFrameworksBuildPhase section */

/* Begin PBXGroup section */
		08A0D4F51E54E3E1002F3156 /* CoreData */ = {
			isa = PBXGroup;
			children = (
				DBB1BFA71E55CB7D00A94686 /* Category+CoreDataClass.h */,
				DBB1BFA81E55CB7D00A94686 /* Category+CoreDataClass.m */,
				DBB1BFA91E55CB7D00A94686 /* Category+CoreDataProperties.h */,
				DBB1BFAA1E55CB7D00A94686 /* Category+CoreDataProperties.m */,
				DBB1BFAB1E55CB7D00A94686 /* Expense+CoreDataClass.h */,
				DBB1BFAC1E55CB7D00A94686 /* Expense+CoreDataClass.m */,
				DBB1BFAD1E55CB7D00A94686 /* Expense+CoreDataProperties.h */,
				DBB1BFAE1E55CB7D00A94686 /* Expense+CoreDataProperties.m */,
			);
			name = CoreData;
			sourceTree = "<group>";
		};
		08A0D4F61E54E401002F3156 /* ViewController */ = {
			isa = PBXGroup;
			children = (
				DBB1BFCB1E55CBDC00A94686 /* ExpenseViewController.h */,
				DBB1BFCC1E55CBDC00A94686 /* ExpenseViewController.m */,
				DBB1BFC21E55CBC500A94686 /* ListExpenseViewController.h */,
				DBB1BFC31E55CBC500A94686 /* ListExpenseViewController.m */,
				DBB1BFC41E55CBC500A94686 /* LoginViewController.h */,
				DBB1BFC51E55CBC500A94686 /* LoginViewController.m */,
				DBB1BFB91E55CBB900A94686 /* ExpenseBaseViewController.h */,
				DBB1BFBA1E55CBB900A94686 /* ExpenseBaseViewController.m */,
				DBB1BFBB1E55CBB900A94686 /* RegisterViewController.h */,
				DBB1BFBC1E55CBB900A94686 /* RegisterViewController.m */,
				DBB1BFBD1E55CBB900A94686 /* SelectCategoryViewController.h */,
				DBB1BFBE1E55CBB900A94686 /* SelectCategoryViewController.m */,
				08AD1BA41E6D0F57005DED68 /* ReportsViewController.h */,
				08AD1BA51E6D0F57005DED68 /* ReportsViewController.m */,
			);
			name = ViewController;
			sourceTree = "<group>";
		};
		08A0D4F71E54E428002F3156 /* Row */ = {
			isa = PBXGroup;
			children = (
				DBB1BFB31E55CB9700A94686 /* CategoryTableViewCell.h */,
				DBB1BFB41E55CB9700A94686 /* CategoryTableViewCell.m */,
				DBB1BFB51E55CB9700A94686 /* ExpenseListTableViewCell.h */,
				DBB1BFB61E55CB9700A94686 /* ExpenseListTableViewCell.m */,
			);
			name = Row;
			sourceTree = "<group>";
		};
		08AD1BB21E6D6610005DED68 /* BEM */ = {
			isa = PBXGroup;
			children = (
				08AD1BB31E6D6610005DED68 /* BEMAverageLine.h */,
				08AD1BB41E6D6610005DED68 /* BEMAverageLine.m */,
				08AD1BB51E6D6610005DED68 /* BEMCircle.h */,
				08AD1BB61E6D6610005DED68 /* BEMCircle.m */,
				08AD1BB71E6D6610005DED68 /* BEMLine.h */,
				08AD1BB81E6D6610005DED68 /* BEMLine.m */,
				08AD1BB91E6D6610005DED68 /* BEMPermanentPopupView.h */,
				08AD1BBA1E6D6610005DED68 /* BEMPermanentPopupView.m */,
				08AD1BBB1E6D6610005DED68 /* BEMSimpleLineGraphView.h */,
				08AD1BBC1E6D6610005DED68 /* BEMSimpleLineGraphView.m */,
			);
			name = BEM;
			path = "../../../../../apple/development/MY TRIES/ExpenseTracker/ExpenseTracker/BEM";
			sourceTree = "<group>";
		};
		08F7CAF91E5045EF0034FD31 = {
			isa = PBXGroup;
			children = (
				08A0D4F51E54E3E1002F3156 /* CoreData */,
				08F7CB041E5045F00034FD31 /* ExpenseTracker */,
				08F7CB211E5045F80034FD31 /* ExpenseTrackerTests */,
				08F7CB2C1E5045F80034FD31 /* ExpenseTrackerUITests */,
				08F7CB031E5045F00034FD31 /* Products */,
			);
			sourceTree = "<group>";
		};
		08F7CB031E5045F00034FD31 /* Products */ = {
			isa = PBXGroup;
			children = (
				08F7CB021E5045F00034FD31 /* ExpenseTracker.app */,
				08F7CB1E1E5045F80034FD31 /* ExpenseTrackerTests.xctest */,
				08F7CB291E5045F80034FD31 /* ExpenseTrackerUITests.xctest */,
			);
			name = Products;
			sourceTree = "<group>";
		};
		08F7CB041E5045F00034FD31 /* ExpenseTracker */ = {
			isa = PBXGroup;
			children = (
				08AD1BB21E6D6610005DED68 /* BEM */,
				DBB1BFC81E55CBD400A94686 /* CacheManager.h */,
				DBB1BFC91E55CBD400A94686 /* CacheManager.m */,
				08A0D4F71E54E428002F3156 /* Row */,
				08A0D4F61E54E401002F3156 /* ViewController */,
				08F7CB081E5045F00034FD31 /* AppDelegate.h */,
				08F7CB091E5045F10034FD31 /* AppDelegate.m */,
				08F7CB0E1E5045F20034FD31 /* Main.storyboard */,
				08F7CB141E5045F30034FD31 /* Assets.xcassets */,
				08F7CB191E5045F40034FD31 /* Info.plist */,
				08F7CB111E5045F20034FD31 /* ExpenseTracker.xcdatamodeld */,
				08F7CB051E5045F00034FD31 /* Supporting Files */,
			);
			path = ExpenseTracker;
			sourceTree = "<group>";
		};
		08F7CB051E5045F00034FD31 /* Supporting Files */ = {
			isa = PBXGroup;
			children = (
				08F7CB061E5045F00034FD31 /* main.m */,
			);
			name = "Supporting Files";
			sourceTree = "<group>";
		};
		08F7CB211E5045F80034FD31 /* ExpenseTrackerTests */ = {
			isa = PBXGroup;
			children = (
				08F7CB221E5045F80034FD31 /* ExpenseTrackerTests.m */,
				08F7CB241E5045F80034FD31 /* Info.plist */,
			);
			path = ExpenseTrackerTests;
			sourceTree = "<group>";
		};
		08F7CB2C1E5045F80034FD31 /* ExpenseTrackerUITests */ = {
			isa = PBXGroup;
			children = (
				08F7CB2D1E5045F80034FD31 /* ExpenseTrackerUITests.m */,
				08F7CB2F1E5045F90034FD31 /* Info.plist */,
			);
			path = ExpenseTrackerUITests;
			sourceTree = "<group>";
		};
/* End PBXGroup section */

/* Begin PBXNativeTarget section */
		08F7CB011E5045F00034FD31 /* ExpenseTracker */ = {
			isa = PBXNativeTarget;
			buildConfigurationList = 08F7CB321E5045F90034FD31 /* Build configuration list for PBXNativeTarget "ExpenseTracker" */;
			buildPhases = (
				08F7CAFE1E5045F00034FD31 /* Sources */,
				08F7CAFF1E5045F00034FD31 /* Frameworks */,
				08F7CB001E5045F00034FD31 /* Resources */,
			);
			buildRules = (
			);
			dependencies = (
			);
			name = ExpenseTracker;
			productName = ExpenseTracker;
			productReference = 08F7CB021E5045F00034FD31 /* ExpenseTracker.app */;
			productType = "com.apple.product-type.application";
		};
		08F7CB1D1E5045F80034FD31 /* ExpenseTrackerTests */ = {
			isa = PBXNativeTarget;
			buildConfigurationList = 08F7CB351E5045F90034FD31 /* Build configuration list for PBXNativeTarget "ExpenseTrackerTests" */;
			buildPhases = (
				08F7CB1A1E5045F80034FD31 /* Sources */,
				08F7CB1B1E5045F80034FD31 /* Frameworks */,
				08F7CB1C1E5045F80034FD31 /* Resources */,
			);
			buildRules = (
			);
			dependencies = (
				08F7CB201E5045F80034FD31 /* PBXTargetDependency */,
			);
			name = ExpenseTrackerTests;
			productName = ExpenseTrackerTests;
			productReference = 08F7CB1E1E5045F80034FD31 /* ExpenseTrackerTests.xctest */;
			productType = "com.apple.product-type.bundle.unit-test";
		};
		08F7CB281E5045F80034FD31 /* ExpenseTrackerUITests */ = {
			isa = PBXNativeTarget;
			buildConfigurationList = 08F7CB381E5045F90034FD31 /* Build configuration list for PBXNativeTarget "ExpenseTrackerUITests" */;
			buildPhases = (
				08F7CB251E5045F80034FD31 /* Sources */,
				08F7CB261E5045F80034FD31 /* Frameworks */,
				08F7CB271E5045F80034FD31 /* Resources */,
			);
			buildRules = (
			);
			dependencies = (
				08F7CB2B1E5045F80034FD31 /* PBXTargetDependency */,
			);
			name = ExpenseTrackerUITests;
			productName = ExpenseTrackerUITests;
			productReference = 08F7CB291E5045F80034FD31 /* ExpenseTrackerUITests.xctest */;
			productType = "com.apple.product-type.bundle.ui-testing";
		};
/* End PBXNativeTarget section */

/* Begin PBXProject section */
		08F7CAFA1E5045F00034FD31 /* Project object */ = {
			isa = PBXProject;
			attributes = {
				LastUpgradeCheck = 0820;
				ORGANIZATIONNAME = "Lakshmi Thulasiram";
				TargetAttributes = {
					08F7CB011E5045F00034FD31 = {
						CreatedOnToolsVersion = 8.2.1;
						ProvisioningStyle = Automatic;
					};
					08F7CB1D1E5045F80034FD31 = {
						CreatedOnToolsVersion = 8.2.1;
						ProvisioningStyle = Automatic;
						TestTargetID = 08F7CB011E5045F00034FD31;
					};
					08F7CB281E5045F80034FD31 = {
						CreatedOnToolsVersion = 8.2.1;
						ProvisioningStyle = Automatic;
						TestTargetID = 08F7CB011E5045F00034FD31;
					};
				};
			};
			buildConfigurationList = 08F7CAFD1E5045F00034FD31 /* Build configuration list for PBXProject "ExpenseTracker" */;
			compatibilityVersion = "Xcode 3.2";
			developmentRegion = English;
			hasScannedForEncodings = 0;
			knownRegions = (
				en,
				Base,
			);
			mainGroup = 08F7CAF91E5045EF0034FD31;
			productRefGroup = 08F7CB031E5045F00034FD31 /* Products */;
			projectDirPath = "";
			projectRoot = "";
			targets = (
				08F7CB011E5045F00034FD31 /* ExpenseTracker */,
				08F7CB1D1E5045F80034FD31 /* ExpenseTrackerTests */,
				08F7CB281E5045F80034FD31 /* ExpenseTrackerUITests */,
			);
		};
/* End PBXProject section */

/* Begin PBXResourcesBuildPhase section */
		08F7CB001E5045F00034FD31 /* Resources */ = {
			isa = PBXResourcesBuildPhase;
			buildActionMask = 2147483647;
			files = (
				08F7CB151E5045F30034FD31 /* Assets.xcassets in Resources */,
				08F7CB101E5045F20034FD31 /* Main.storyboard in Resources */,
			);
			runOnlyForDeploymentPostprocessing = 0;
		};
		08F7CB1C1E5045F80034FD31 /* Resources */ = {
			isa = PBXResourcesBuildPhase;
			buildActionMask = 2147483647;
			files = (
			);
			runOnlyForDeploymentPostprocessing = 0;
		};
		08F7CB271E5045F80034FD31 /* Resources */ = {
			isa = PBXResourcesBuildPhase;
			buildActionMask = 2147483647;
			files = (
			);
			runOnlyForDeploymentPostprocessing = 0;
		};
/* End PBXResourcesBuildPhase section */

/* Begin PBXSourcesBuildPhase section */
		08F7CAFE1E5045F00034FD31 /* Sources */ = {
			isa = PBXSourcesBuildPhase;
			buildActionMask = 2147483647;
			files = (
				08AD1BBF1E6D6610005DED68 /* BEMLine.m in Sources */,
				DBB1BFC11E55CBB900A94686 /* SelectCategoryViewController.m in Sources */,
				08AD1BC11E6D6610005DED68 /* BEMSimpleLineGraphView.m in Sources */,
				DBB1BFCA1E55CBD400A94686 /* CacheManager.m in Sources */,
				08AD1BC01E6D6610005DED68 /* BEMPermanentPopupView.m in Sources */,
				DBB1BFB71E55CB9700A94686 /* CategoryTableViewCell.m in Sources */,
				DBB1BFBF1E55CBB900A94686 /* ExpenseBaseViewController.m in Sources */,
				08F7CB0A1E5045F10034FD31 /* AppDelegate.m in Sources */,
				08AD1BBE1E6D6610005DED68 /* BEMCircle.m in Sources */,
				08F7CB071E5045F00034FD31 /* main.m in Sources */,
				DBB1BFC61E55CBC500A94686 /* ListExpenseViewController.m in Sources */,
				DBB1BFCD1E55CBDC00A94686 /* ExpenseViewController.m in Sources */,
				08AD1BBD1E6D6610005DED68 /* BEMAverageLine.m in Sources */,
				DBB1BFC01E55CBB900A94686 /* RegisterViewController.m in Sources */,
				08AD1BA61E6D0F57005DED68 /* ReportsViewController.m in Sources */,
				DBB1BFB81E55CB9700A94686 /* ExpenseListTableViewCell.m in Sources */,
				08F7CB131E5045F30034FD31 /* ExpenseTracker.xcdatamodeld in Sources */,
				DBB1BFC71E55CBC500A94686 /* LoginViewController.m in Sources */,
			);
			runOnlyForDeploymentPostprocessing = 0;
		};
		08F7CB1A1E5045F80034FD31 /* Sources */ = {
			isa = PBXSourcesBuildPhase;
			buildActionMask = 2147483647;
			files = (
				08F7CB231E5045F80034FD31 /* ExpenseTrackerTests.m in Sources */,
			);
			runOnlyForDeploymentPostprocessing = 0;
		};
		08F7CB251E5045F80034FD31 /* Sources */ = {
			isa = PBXSourcesBuildPhase;
			buildActionMask = 2147483647;
			files = (
				08F7CB2E1E5045F80034FD31 /* ExpenseTrackerUITests.m in Sources */,
			);
			runOnlyForDeploymentPostprocessing = 0;
		};
/* End PBXSourcesBuildPhase section */

/* Begin PBXTargetDependency section */
		08F7CB201E5045F80034FD31 /* PBXTargetDependency */ = {
			isa = PBXTargetDependency;
			target = 08F7CB011E5045F00034FD31 /* ExpenseTracker */;
			targetProxy = 08F7CB1F1E5045F80034FD31 /* PBXContainerItemProxy */;
		};
		08F7CB2B1E5045F80034FD31 /* PBXTargetDependency */ = {
			isa = PBXTargetDependency;
			target = 08F7CB011E5045F00034FD31 /* ExpenseTracker */;
			targetProxy = 08F7CB2A1E5045F80034FD31 /* PBXContainerItemProxy */;
		};
/* End PBXTargetDependency section */

/* Begin PBXVariantGroup section */
		08F7CB0E1E5045F20034FD31 /* Main.storyboard */ = {
			isa = PBXVariantGroup;
			children = (
				08F7CB0F1E5045F20034FD31 /* Base */,
			);
			name = Main.storyboard;
			sourceTree = "<group>";
		};
/* End PBXVariantGroup section */

/* Begin XCBuildConfiguration section */
		08F7CB301E5045F90034FD31 /* Debug */ = {
			isa = XCBuildConfiguration;
			buildSettings = {
				ALWAYS_SEARCH_USER_PATHS = NO;
				CLANG_ANALYZER_NONNULL = YES;
				CLANG_CXX_LANGUAGE_STANDARD = "gnu++0x";
				CLANG_CXX_LIBRARY = "libc++";
				CLANG_ENABLE_MODULES = YES;
				CLANG_ENABLE_OBJC_ARC = YES;
				CLANG_WARN_BOOL_CONVERSION = YES;
				CLANG_WARN_CONSTANT_CONVERSION = YES;
				CLANG_WARN_DIRECT_OBJC_ISA_USAGE = YES_ERROR;
				CLANG_WARN_DOCUMENTATION_COMMENTS = YES;
				CLANG_WARN_EMPTY_BODY = YES;
				CLANG_WARN_ENUM_CONVERSION = YES;
				CLANG_WARN_INFINITE_RECURSION = YES;
				CLANG_WARN_INT_CONVERSION = YES;
				CLANG_WARN_OBJC_ROOT_CLASS = YES_ERROR;
				CLANG_WARN_SUSPICIOUS_MOVE = YES;
				CLANG_WARN_UNREACHABLE_CODE = YES;
				CLANG_WARN__DUPLICATE_METHOD_MATCH = YES;
				"CODE_SIGN_IDENTITY[sdk=iphoneos*]" = "iPhone Developer";
				COPY_PHASE_STRIP = NO;
				DEBUG_INFORMATION_FORMAT = dwarf;
				ENABLE_STRICT_OBJC_MSGSEND = YES;
				ENABLE_TESTABILITY = YES;
				GCC_C_LANGUAGE_STANDARD = gnu99;
				GCC_DYNAMIC_NO_PIC = NO;
				GCC_NO_COMMON_BLOCKS = YES;
				GCC_OPTIMIZATION_LEVEL = 0;
				GCC_PREPROCESSOR_DEFINITIONS = (
					"DEBUG=1",
					"$(inherited)",
				);
				GCC_WARN_64_TO_32_BIT_CONVERSION = YES;
				GCC_WARN_ABOUT_RETURN_TYPE = YES_ERROR;
				GCC_WARN_UNDECLARED_SELECTOR = YES;
				GCC_WARN_UNINITIALIZED_AUTOS = YES_AGGRESSIVE;
				GCC_WARN_UNUSED_FUNCTION = YES;
				GCC_WARN_UNUSED_VARIABLE = YES;
				IPHONEOS_DEPLOYMENT_TARGET = 10.2;
				MTL_ENABLE_DEBUG_INFO = YES;
				ONLY_ACTIVE_ARCH = YES;
				SDKROOT = iphoneos;
			};
			name = Debug;
		};
		08F7CB311E5045F90034FD31 /* Release */ = {
			isa = XCBuildConfiguration;
			buildSettings = {
				ALWAYS_SEARCH_USER_PATHS = NO;
				CLANG_ANALYZER_NONNULL = YES;
				CLANG_CXX_LANGUAGE_STANDARD = "gnu++0x";
				CLANG_CXX_LIBRARY = "libc++";
				CLANG_ENABLE_MODULES = YES;
				CLANG_ENABLE_OBJC_ARC = YES;
				CLANG_WARN_BOOL_CONVERSION = YES;
				CLANG_WARN_CONSTANT_CONVERSION = YES;
				CLANG_WARN_DIRECT_OBJC_ISA_USAGE = YES_ERROR;
				CLANG_WARN_DOCUMENTATION_COMMENTS = YES;
				CLANG_WARN_EMPTY_BODY = YES;
				CLANG_WARN_ENUM_CONVERSION = YES;
				CLANG_WARN_INFINITE_RECURSION = YES;
				CLANG_WARN_INT_CONVERSION = YES;
				CLANG_WARN_OBJC_ROOT_CLASS = YES_ERROR;
				CLANG_WARN_SUSPICIOUS_MOVE = YES;
				CLANG_WARN_UNREACHABLE_CODE = YES;
				CLANG_WARN__DUPLICATE_METHOD_MATCH = YES;
				"CODE_SIGN_IDENTITY[sdk=iphoneos*]" = "iPhone Developer";
				COPY_PHASE_STRIP = NO;
				DEBUG_INFORMATION_FORMAT = "dwarf-with-dsym";
				ENABLE_NS_ASSERTIONS = NO;
				ENABLE_STRICT_OBJC_MSGSEND = YES;
				GCC_C_LANGUAGE_STANDARD = gnu99;
				GCC_NO_COMMON_BLOCKS = YES;
				GCC_WARN_64_TO_32_BIT_CONVERSION = YES;
				GCC_WARN_ABOUT_RETURN_TYPE = YES_ERROR;
				GCC_WARN_UNDECLARED_SELECTOR = YES;
				GCC_WARN_UNINITIALIZED_AUTOS = YES_AGGRESSIVE;
				GCC_WARN_UNUSED_FUNCTION = YES;
				GCC_WARN_UNUSED_VARIABLE = YES;
				IPHONEOS_DEPLOYMENT_TARGET = 10.2;
				MTL_ENABLE_DEBUG_INFO = NO;
				SDKROOT = iphoneos;
				VALIDATE_PRODUCT = YES;
			};
			name = Release;
		};
		08F7CB331E5045F90034FD31 /* Debug */ = {
			isa = XCBuildConfiguration;
			buildSettings = {
				ASSETCATALOG_COMPILER_APPICON_NAME = AppIcon;
				CODE_SIGN_IDENTITY = "";
				"CODE_SIGN_IDENTITY[sdk=iphoneos*]" = "iPhone Developer";
				DEVELOPMENT_TEAM = "";
				INFOPLIST_FILE = ExpenseTracker/Info.plist;
				IPHONEOS_DEPLOYMENT_TARGET = 9.0;
				LD_RUNPATH_SEARCH_PATHS = "$(inherited) @executable_path/Frameworks";
				PRODUCT_BUNDLE_IDENTIFIER = com.msf.ExpenseTracker;
				PRODUCT_NAME = "$(TARGET_NAME)";
				PROVISIONING_PROFILE = "";
				PROVISIONING_PROFILE_SPECIFIER = "";
			};
			name = Debug;
		};
		08F7CB341E5045F90034FD31 /* Release */ = {
			isa = XCBuildConfiguration;
			buildSettings = {
				ASSETCATALOG_COMPILER_APPICON_NAME = AppIcon;
				CODE_SIGN_IDENTITY = "";
				"CODE_SIGN_IDENTITY[sdk=iphoneos*]" = "iPhone Developer";
				DEVELOPMENT_TEAM = "";
				INFOPLIST_FILE = ExpenseTracker/Info.plist;
				IPHONEOS_DEPLOYMENT_TARGET = 9.0;
				LD_RUNPATH_SEARCH_PATHS = "$(inherited) @executable_path/Frameworks";
				PRODUCT_BUNDLE_IDENTIFIER = com.msf.ExpenseTracker;
				PRODUCT_NAME = "$(TARGET_NAME)";
				PROVISIONING_PROFILE = "";
				PROVISIONING_PROFILE_SPECIFIER = "";
			};
			name = Release;
		};
		08F7CB361E5045F90034FD31 /* Debug */ = {
			isa = XCBuildConfiguration;
			buildSettings = {
				BUNDLE_LOADER = "$(TEST_HOST)";
				INFOPLIST_FILE = ExpenseTrackerTests/Info.plist;
				LD_RUNPATH_SEARCH_PATHS = "$(inherited) @executable_path/Frameworks @loader_path/Frameworks";
				PRODUCT_BUNDLE_IDENTIFIER = com.msf.ExpenseTrackerTests;
				PRODUCT_NAME = "$(TARGET_NAME)";
				TEST_HOST = "$(BUILT_PRODUCTS_DIR)/ExpenseTracker.app/ExpenseTracker";
			};
			name = Debug;
		};
		08F7CB371E5045F90034FD31 /* Release */ = {
			isa = XCBuildConfiguration;
			buildSettings = {
				BUNDLE_LOADER = "$(TEST_HOST)";
				INFOPLIST_FILE = ExpenseTrackerTests/Info.plist;
				LD_RUNPATH_SEARCH_PATHS = "$(inherited) @executable_path/Frameworks @loader_path/Frameworks";
				PRODUCT_BUNDLE_IDENTIFIER = com.msf.ExpenseTrackerTests;
				PRODUCT_NAME = "$(TARGET_NAME)";
				TEST_HOST = "$(BUILT_PRODUCTS_DIR)/ExpenseTracker.app/ExpenseTracker";
			};
			name = Release;
		};
		08F7CB391E5045F90034FD31 /* Debug */ = {
			isa = XCBuildConfiguration;
			buildSettings = {
				INFOPLIST_FILE = ExpenseTrackerUITests/Info.plist;
				LD_RUNPATH_SEARCH_PATHS = "$(inherited) @executable_path/Frameworks @loader_path/Frameworks";
				PRODUCT_BUNDLE_IDENTIFIER = com.msf.ExpenseTrackerUITests;
				PRODUCT_NAME = "$(TARGET_NAME)";
				TEST_TARGET_NAME = ExpenseTracker;
			};
			name = Debug;
		};
		08F7CB3A1E5045F90034FD31 /* Release */ = {
			isa = XCBuildConfiguration;
			buildSettings = {
				INFOPLIST_FILE = ExpenseTrackerUITests/Info.plist;
				LD_RUNPATH_SEARCH_PATHS = "$(inherited) @executable_path/Frameworks @loader_path/Frameworks";
				PRODUCT_BUNDLE_IDENTIFIER = com.msf.ExpenseTrackerUITests;
				PRODUCT_NAME = "$(TARGET_NAME)";
				TEST_TARGET_NAME = ExpenseTracker;
			};
			name = Release;
		};
/* End XCBuildConfiguration section */

/* Begin XCConfigurationList section */
		08F7CAFD1E5045F00034FD31 /* Build configuration list for PBXProject "ExpenseTracker" */ = {
			isa = XCConfigurationList;
			buildConfigurations = (
				08F7CB301E5045F90034FD31 /* Debug */,
				08F7CB311E5045F90034FD31 /* Release */,
			);
			defaultConfigurationIsVisible = 0;
			defaultConfigurationName = Release;
		};
		08F7CB321E5045F90034FD31 /* Build configuration list for PBXNativeTarget "ExpenseTracker" */ = {
			isa = XCConfigurationList;
			buildConfigurations = (
				08F7CB331E5045F90034FD31 /* Debug */,
				08F7CB341E5045F90034FD31 /* Release */,
			);
			defaultConfigurationIsVisible = 0;
			defaultConfigurationName = Release;
		};
		08F7CB351E5045F90034FD31 /* Build configuration list for PBXNativeTarget "ExpenseTrackerTests" */ = {
			isa = XCConfigurationList;
			buildConfigurations = (
				08F7CB361E5045F90034FD31 /* Debug */,
				08F7CB371E5045F90034FD31 /* Release */,
			);
			defaultConfigurationIsVisible = 0;
			defaultConfigurationName = Release;
		};
		08F7CB381E5045F90034FD31 /* Build configuration list for PBXNativeTarget "ExpenseTrackerUITests" */ = {
			isa = XCConfigurationList;
			buildConfigurations = (
				08F7CB391E5045F90034FD31 /* Debug */,
				08F7CB3A1E5045F90034FD31 /* Release */,
			);
			defaultConfigurationIsVisible = 0;
			defaultConfigurationName = Release;
		};
/* End XCConfigurationList section */

/* Begin XCVersionGroup section */
		08F7CB111E5045F20034FD31 /* ExpenseTracker.xcdatamodeld */ = {
			isa = XCVersionGroup;
			children = (
				08F7CB121E5045F20034FD31 /* ExpenseTracker.xcdatamodel */,
			);
			currentVersion = 08F7CB121E5045F20034FD31 /* ExpenseTracker.xcdatamodel */;
			path = ExpenseTracker.xcdatamodeld;
			sourceTree = "<group>";
			versionGroupType = wrapper.xcdatamodel;
		};
/* End XCVersionGroup section */
	};
	rootObject = 08F7CAFA1E5045F00034FD31 /* Project object */;
}
